{
  "name": "cardmonkey",
  "version": "0.1.0",
  "lockfileVersion": 2,
  "requires": true,
  "packages": {
    "": {
      "name": "cardmonkey",
      "version": "0.1.0",
      "dependencies": {
        "@rails/actioncable": "^6.0.0",
        "@rails/activestorage": "^6.0.0",
        "@rails/ujs": "^6.0.0",
        "flowbite": "^2.3.0",
        "turbolinks": "^5.2.0"
      }
    },
    "node_modules/@popperjs/core": {
      "version": "2.11.8",
      "resolved": "https://registry.npmjs.org/@popperjs/core/-/core-2.11.8.tgz",
      "integrity": "sha512-P1st0aksCrn9sGZhp8GMYwBnQsbvAWsZAX44oXNNvLHGqAOcoVxmjZiohstwQ7SqKnbR47akdNi+uleWD8+g6A==",
      "funding": {
        "type": "opencollective",
        "url": "https://opencollective.com/popperjs"
      }
    },
    "node_modules/@rails/actioncable": {
      "version": "6.1.7",
      "resolved": "https://registry.npmjs.org/@rails/actioncable/-/actioncable-6.1.7.tgz",
      "integrity": "sha512-F6S74NGpxhbbDRFsQFGYqefRfZPgYvePNtz9hHKYOqLturrsqrDoG+UcrxEGHsvqDUorMYfx4Wl3K8smmk/u2g=="
    },
    "node_modules/@rails/activestorage": {
      "version": "6.1.7",
      "resolved": "https://registry.npmjs.org/@rails/activestorage/-/activestorage-6.1.7.tgz",
      "integrity": "sha512-h++k8LBLns4O8AqzdaFp1TsCLP9VSc2hgWI37bjzJ+4D995X7Rd8kdkRmXRaNAUlHDJgy6RpnbhBJ5oiIgWTDw==",
      "dependencies": {
        "spark-md5": "^3.0.0"
      }
    },
    "node_modules/@rails/ujs": {
      "version": "6.1.7",
      "resolved": "https://registry.npmjs.org/@rails/ujs/-/ujs-6.1.7.tgz",
      "integrity": "sha512-0e7WQ4LE/+LEfW2zfAw9ppsB6A8RmxbdAUPAF++UT80epY+7emuQDkKXmaK0a9lp6An50RvzezI0cIQjp1A58w=="
    },
    "node_modules/flowbite": {
      "version": "2.3.0",
      "resolved": "https://registry.npmjs.org/flowbite/-/flowbite-2.3.0.tgz",
      "integrity": "sha512-pm3JRo8OIJHGfFYWgaGpPv8E+UdWy0Z3gEAGufw+G/1dusaU/P1zoBLiQpf2/+bYAi+GBQtPVG86KYlV0W+AFQ==",
      "dependencies": {
        "@popperjs/core": "^2.9.3",
        "mini-svg-data-uri": "^1.4.3"
      }
    },
    "node_modules/mini-svg-data-uri": {
      "version": "1.4.4",
      "resolved": "https://registry.npmjs.org/mini-svg-data-uri/-/mini-svg-data-uri-1.4.4.tgz",
      "integrity": "sha512-r9deDe9p5FJUPZAk3A59wGH7Ii9YrjjWw0jmw/liSbHl2CHiyXj6FcDXDu2K3TjVAXqiJdaw3xxwlZZr9E6nHg==",
      "bin": {
        "mini-svg-data-uri": "cli.js"
      }
    },
    "node_modules/spark-md5": {
      "version": "3.0.2",
      "resolved": "https://registry.npmjs.org/spark-md5/-/spark-md5-3.0.2.tgz",
      "integrity": "sha512-wcFzz9cDfbuqe0FZzfi2or1sgyIrsDwmPwfZC4hiNidPdPINjeUwNfv5kldczoEAcjl9Y1L3SM7Uz2PUEQzxQw=="
    },
    "node_modules/turbolinks": {
      "version": "5.2.0",
      "resolved": "https://registry.npmjs.org/turbolinks/-/turbolinks-5.2.0.tgz",
      "integrity": "sha512-pMiez3tyBo6uRHFNNZoYMmrES/IaGgMhQQM+VFF36keryjb5ms0XkVpmKHkfW/4Vy96qiGW3K9bz0tF5sK9bBw=="
    }
  },
  "dependencies": {
    "@popperjs/core": {
      "version": "2.11.8",
      "resolved": "https://registry.npmjs.org/@popperjs/core/-/core-2.11.8.tgz",
      "integrity": "sha512-P1st0aksCrn9sGZhp8GMYwBnQsbvAWsZAX44oXNNvLHGqAOcoVxmjZiohstwQ7SqKnbR47akdNi+uleWD8+g6A=="
    },
    "@rails/actioncable": {
      "version": "6.1.7",
      "resolved": "https://registry.npmjs.org/@rails/actioncable/-/actioncable-6.1.7.tgz",
      "integrity": "sha512-F6S74NGpxhbbDRFsQFGYqefRfZPgYvePNtz9hHKYOqLturrsqrDoG+UcrxEGHsvqDUorMYfx4Wl3K8smmk/u2g=="
    },
    "@rails/activestorage": {
      "version": "6.1.7",
      "resolved": "https://registry.npmjs.org/@rails/activestorage/-/activestorage-6.1.7.tgz",
      "integrity": "sha512-h++k8LBLns4O8AqzdaFp1TsCLP9VSc2hgWI37bjzJ+4D995X7Rd8kdkRmXRaNAUlHDJgy6RpnbhBJ5oiIgWTDw==",
      "requires": {
        "spark-md5": "^3.0.0"
      }
    },
    "@rails/ujs": {
      "version": "6.1.7",
      "resolved": "https://registry.npmjs.org/@rails/ujs/-/ujs-6.1.7.tgz",
      "integrity": "sha512-0e7WQ4LE/+LEfW2zfAw9ppsB6A8RmxbdAUPAF++UT80epY+7emuQDkKXmaK0a9lp6An50RvzezI0cIQjp1A58w=="
    },
    "flowbite": {
      "version": "2.3.0",
      "resolved": "https://registry.npmjs.org/flowbite/-/flowbite-2.3.0.tgz",
      "integrity": "sha512-pm3JRo8OIJHGfFYWgaGpPv8E+UdWy0Z3gEAGufw+G/1dusaU/P1zoBLiQpf2/+bYAi+GBQtPVG86KYlV0W+AFQ==",
      "requires": {
        "@popperjs/core": "^2.9.3",
        "mini-svg-data-uri": "^1.4.3"
      }
    },
    "mini-svg-data-uri": {
      "version": "1.4.4",
      "resolved": "https://registry.npmjs.org/mini-svg-data-uri/-/mini-svg-data-uri-1.4.4.tgz",
      "integrity": "sha512-r9deDe9p5FJUPZAk3A59wGH7Ii9YrjjWw0jmw/liSbHl2CHiyXj6FcDXDu2K3TjVAXqiJdaw3xxwlZZr9E6nHg=="
    },
    "spark-md5": {
      "version": "3.0.2",
      "resolved": "https://registry.npmjs.org/spark-md5/-/spark-md5-3.0.2.tgz",
      "integrity": "sha512-wcFzz9cDfbuqe0FZzfi2or1sgyIrsDwmPwfZC4hiNidPdPINjeUwNfv5kldczoEAcjl9Y1L3SM7Uz2PUEQzxQw=="
    },
    "turbolinks": {
      "version": "5.2.0",
      "resolved": "https://registry.npmjs.org/turbolinks/-/turbolinks-5.2.0.tgz",
      "integrity": "sha512-pMiez3tyBo6uRHFNNZoYMmrES/IaGgMhQQM+VFF36keryjb5ms0XkVpmKHkfW/4Vy96qiGW3K9bz0tF5sK9bBw=="
    }
  }
}
